
Microsoft Visual Studio Solution File, Format Version 12.00
# Visual Studio 15
VisualStudioVersion = 15.0.28307.852
MinimumVisualStudioVersion = 10.0.40219.1
Project("{FAE04EC0-301F-11D3-BF4B-00C04F79EFBC}") = "SightlyTest", "SightlyTest\SightlyTest.csproj", "{B2672EE3-35E3-47D1-B7BF-C60EB4698908}"
EndProject
Global
	GlobalSection(SolutionConfigurationPlatforms) = preSolution
		Debug|Any CPU = Debug|Any CPU
		Release|Any CPU = Release|Any CPU
	EndGlobalSection
	GlobalSection(ProjectConfigurationPlatforms) = postSolution
		{B2672EE3-35E3-47D1-B7BF-C60EB4698908}.Debug|Any CPU.ActiveCfg = Debug|Any CPU
		{B2672EE3-35E3-47D1-B7BF-C60EB4698908}.Debug|Any CPU.Build.0 = Debug|Any CPU
		{B2672EE3-35E3-47D1-B7BF-C60EB4698908}.Release|Any CPU.ActiveCfg = Release|Any CPU
		{B2672EE3-35E3-47D1-B7BF-C60EB4698908}.Release|Any CPU.Build.0 = Release|Any CPU
	EndGlobalSection
	GlobalSection(SolutionProperties) = preSolution
		HideSolutionNode = FALSE
	EndGlobalSection
	GlobalSection(ExtensibilityGlobals) = postSolution
		SolutionGuid = {F9295440-D31D-4A73-A5B5-9D4E3AD47733}
	EndGlobalSection
EndGlobal
